
Microsoft Visual Studio Solution File, Format Version 12.00
# Visual Studio 15
VisualStudioVersion = 15.0.26730.12
MinimumVisualStudioVersion = 10.0.40219.1
Project("{9A19103F-16F7-4668-BE54-9A1E7A4F7556}") = "HelloWorldCommon", "HelloWorldCommon\HelloWorldCommon.csproj", "{81D07BB9-E6AA-4910-8E65-E381960E0139}"
EndProject
Project("{9A19103F-16F7-4668-BE54-9A1E7A4F7556}") = "HelloWorldExample", "HelloWorldImpl\HelloWorldExample.csproj", "{BC7D5278-C723-4247-B54E-59331170694E}"
EndProject
Project("{FAE04EC0-301F-11D3-BF4B-00C04F79EFBC}") = "HelloWorldCommon.Test", "HelloWorldCommon.Test\HelloWorldCommon.Test.csproj", "{B957F052-6276-43A8-A33E-7F11FE53228B}"
EndProject
Global
	GlobalSection(SolutionConfigurationPlatforms) = preSolution
		Debug|Any CPU = Debug|Any CPU
		Release|Any CPU = Release|Any CPU
	EndGlobalSection
	GlobalSection(ProjectConfigurationPlatforms) = postSolution
		{81D07BB9-E6AA-4910-8E65-E381960E0139}.Debug|Any CPU.ActiveCfg = Debug|Any CPU
		{81D07BB9-E6AA-4910-8E65-E381960E0139}.Debug|Any CPU.Build.0 = Debug|Any CPU
		{81D07BB9-E6AA-4910-8E65-E381960E0139}.Release|Any CPU.ActiveCfg = Release|Any CPU
		{81D07BB9-E6AA-4910-8E65-E381960E0139}.Release|Any CPU.Build.0 = Release|Any CPU
		{BC7D5278-C723-4247-B54E-59331170694E}.Debug|Any CPU.ActiveCfg = Debug|Any CPU
		{BC7D5278-C723-4247-B54E-59331170694E}.Debug|Any CPU.Build.0 = Debug|Any CPU
		{BC7D5278-C723-4247-B54E-59331170694E}.Release|Any CPU.ActiveCfg = Release|Any CPU
		{BC7D5278-C723-4247-B54E-59331170694E}.Release|Any CPU.Build.0 = Release|Any CPU
		{B957F052-6276-43A8-A33E-7F11FE53228B}.Debug|Any CPU.ActiveCfg = Debug|Any CPU
		{B957F052-6276-43A8-A33E-7F11FE53228B}.Debug|Any CPU.Build.0 = Debug|Any CPU
		{B957F052-6276-43A8-A33E-7F11FE53228B}.Release|Any CPU.ActiveCfg = Release|Any CPU
		{B957F052-6276-43A8-A33E-7F11FE53228B}.Release|Any CPU.Build.0 = Release|Any CPU
	EndGlobalSection
	GlobalSection(SolutionProperties) = preSolution
		HideSolutionNode = FALSE
	EndGlobalSection
	GlobalSection(ExtensibilityGlobals) = postSolution
		SolutionGuid = {482BC6C8-AF67-4810-84EC-F1AB32186EE5}
	EndGlobalSection
EndGlobal
